// !$*UTF8*$!
{
	archiveVersion = 1;
	classes = {
	};
	objectVersion = 56;
	objects = {

/* Begin PBXBuildFile section */
		248E7EB32AAEF2D300DA4477 /* AppDelegate.swift in Sources */ = {isa = PBXBuildFile; fileRef = 248E7EB22AAEF2D300DA4477 /* AppDelegate.swift */; };
		248E7EB52AAEF2D300DA4477 /* SceneDelegate.swift in Sources */ = {isa = PBXBuildFile; fileRef = 248E7EB42AAEF2D300DA4477 /* SceneDelegate.swift */; };
		248E7EB72AAEF2D300DA4477 /* ViewController.swift in Sources */ = {isa = PBXBuildFile; fileRef = 248E7EB62AAEF2D300DA4477 /* ViewController.swift */; };
		248E7EBA2AAEF2D300DA4477 /* Main.storyboard in Resources */ = {isa = PBXBuildFile; fileRef = 248E7EB82AAEF2D300DA4477 /* Main.storyboard */; };
		248E7EBC2AAEF2D500DA4477 /* Assets.xcassets in Resources */ = {isa = PBXBuildFile; fileRef = 248E7EBB2AAEF2D500DA4477 /* Assets.xcassets */; };
		248E7EBF2AAEF2D500DA4477 /* LaunchScreen.storyboard in Resources */ = {isa = PBXBuildFile; fileRef = 248E7EBD2AAEF2D500DA4477 /* LaunchScreen.storyboard */; };
		248E7ECA2AAEF2D500DA4477 /* Olympic_AthletesTests.swift in Sources */ = {isa = PBXBuildFile; fileRef = 248E7EC92AAEF2D500DA4477 /* Olympic_AthletesTests.swift */; };
		248E7ED42AAEF2D500DA4477 /* Olympic_AthletesUITests.swift in Sources */ = {isa = PBXBuildFile; fileRef = 248E7ED32AAEF2D500DA4477 /* Olympic_AthletesUITests.swift */; };
		248E7ED62AAEF2D500DA4477 /* Olympic_AthletesUITestsLaunchTests.swift in Sources */ = {isa = PBXBuildFile; fileRef = 248E7ED52AAEF2D500DA4477 /* Olympic_AthletesUITestsLaunchTests.swift */; };
/* End PBXBuildFile section */

/* Begin PBXContainerItemProxy section */
		248E7EC62AAEF2D500DA4477 /* PBXContainerItemProxy */ = {
			isa = PBXContainerItemProxy;
			containerPortal = 248E7EA72AAEF2D300DA4477 /* Project object */;
			proxyType = 1;
			remoteGlobalIDString = 248E7EAE2AAEF2D300DA4477;
			remoteInfo = "Olympic Athletes";
		};
		248E7ED02AAEF2D500DA4477 /* PBXContainerItemProxy */ = {
			isa = PBXContainerItemProxy;
			containerPortal = 248E7EA72AAEF2D300DA4477 /* Project object */;
			proxyType = 1;
			remoteGlobalIDString = 248E7EAE2AAEF2D300DA4477;
			remoteInfo = "Olympic Athletes";
		};
/* End PBXContainerItemProxy section */

/* Begin PBXFileReference section */
		248E7EAF2AAEF2D300DA4477 /* Olympic Athletes.app */ = {isa = PBXFileReference; explicitFileType = wrapper.application; includeInIndex = 0; path = "Olympic Athletes.app"; sourceTree = BUILT_PRODUCTS_DIR; };
		248E7EB22AAEF2D300DA4477 /* AppDelegate.swift */ = {isa = PBXFileReference; lastKnownFileType = sourcecode.swift; path = AppDelegate.swift; sourceTree = "<group>"; };
		248E7EB42AAEF2D300DA4477 /* SceneDelegate.swift */ = {isa = PBXFileReference; lastKnownFileType = sourcecode.swift; path = SceneDelegate.swift; sourceTree = "<group>"; };
		248E7EB62AAEF2D300DA4477 /* ViewController.swift */ = {isa = PBXFileReference; lastKnownFileType = sourcecode.swift; path = ViewController.swift; sourceTree = "<group>"; };
		248E7EB92AAEF2D300DA4477 /* Base */ = {isa = PBXFileReference; lastKnownFileType = file.storyboard; name = Base; path = Base.lproj/Main.storyboard; sourceTree = "<group>"; };
		248E7EBB2AAEF2D500DA4477 /* Assets.xcassets */ = {isa = PBXFileReference; lastKnownFileType = folder.assetcatalog; path = Assets.xcassets; sourceTree = "<group>"; };
		248E7EBE2AAEF2D500DA4477 /* Base */ = {isa = PBXFileReference; lastKnownFileType = file.storyboard; name = Base; path = Base.lproj/LaunchScreen.storyboard; sourceTree = "<group>"; };
		248E7EC02AAEF2D500DA4477 /* Info.plist */ = {isa = PBXFileReference; lastKnownFileType = text.plist.xml; path = Info.plist; sourceTree = "<group>"; };
		248E7EC52AAEF2D500DA4477 /* Olympic AthletesTests.xctest */ = {isa = PBXFileReference; explicitFileType = wrapper.cfbundle; includeInIndex = 0; path = "Olympic AthletesTests.xctest"; sourceTree = BUILT_PRODUCTS_DIR; };
		248E7EC92AAEF2D500DA4477 /* Olympic_AthletesTests.swift */ = {isa = PBXFileReference; lastKnownFileType = sourcecode.swift; path = Olympic_AthletesTests.swift; sourceTree = "<group>"; };
		248E7ECF2AAEF2D500DA4477 /* Olympic AthletesUITests.xctest */ = {isa = PBXFileReference; explicitFileType = wrapper.cfbundle; includeInIndex = 0; path = "Olympic AthletesUITests.xctest"; sourceTree = BUILT_PRODUCTS_DIR; };
		248E7ED32AAEF2D500DA4477 /* Olympic_AthletesUITests.swift */ = {isa = PBXFileReference; lastKnownFileType = sourcecode.swift; path = Olympic_AthletesUITests.swift; sourceTree = "<group>"; };
		248E7ED52AAEF2D500DA4477 /* Olympic_AthletesUITestsLaunchTests.swift */ = {isa = PBXFileReference; lastKnownFileType = sourcecode.swift; path = Olympic_AthletesUITestsLaunchTests.swift; sourceTree = "<group>"; };
/* End PBXFileReference section */

/* Begin PBXFrameworksBuildPhase section */
		248E7EAC2AAEF2D300DA4477 /* Frameworks */ = {
			isa = PBXFrameworksBuildPhase;
			buildActionMask = 2147483647;
			files = (
			);
			runOnlyForDeploymentPostprocessing = 0;
		};
		248E7EC22AAEF2D500DA4477 /* Frameworks */ = {
			isa = PBXFrameworksBuildPhase;
			buildActionMask = 2147483647;
			files = (
			);
			runOnlyForDeploymentPostprocessing = 0;
		};
		248E7ECC2AAEF2D500DA4477 /* Frameworks */ = {
			isa = PBXFrameworksBuildPhase;
			buildActionMask = 2147483647;
			files = (
			);
			runOnlyForDeploymentPostprocessing = 0;
		};
/* End PBXFrameworksBuildPhase section */

/* Begin PBXGroup section */
		248E7EA62AAEF2D300DA4477 = {
			isa = PBXGroup;
			children = (
				248E7EB12AAEF2D300DA4477 /* Olympic Athletes */,
				248E7EC82AAEF2D500DA4477 /* Olympic AthletesTests */,
				248E7ED22AAEF2D500DA4477 /* Olympic AthletesUITests */,
				248E7EB02AAEF2D300DA4477 /* Products */,
			);
			sourceTree = "<group>";
		};
		248E7EB02AAEF2D300DA4477 /* Products */ = {
			isa = PBXGroup;
			children = (
				248E7EAF2AAEF2D300DA4477 /* Olympic Athletes.app */,
				248E7EC52AAEF2D500DA4477 /* Olympic AthletesTests.xctest */,
				248E7ECF2AAEF2D500DA4477 /* Olympic AthletesUITests.xctest */,
			);
			name = Products;
			sourceTree = "<group>";
		};
		248E7EB12AAEF2D300DA4477 /* Olympic Athletes */ = {
			isa = PBXGroup;
			children = (
				248E7EB22AAEF2D300DA4477 /* AppDelegate.swift */,
				248E7EB42AAEF2D300DA4477 /* SceneDelegate.swift */,
				248E7EB62AAEF2D300DA4477 /* ViewController.swift */,
				248E7EB82AAEF2D300DA4477 /* Main.storyboard */,
				248E7EBB2AAEF2D500DA4477 /* Assets.xcassets */,
				248E7EBD2AAEF2D500DA4477 /* LaunchScreen.storyboard */,
				248E7EC02AAEF2D500DA4477 /* Info.plist */,
			);
			path = "Olympic Athletes";
			sourceTree = "<group>";
		};
		248E7EC82AAEF2D500DA4477 /* Olympic AthletesTests */ = {
			isa = PBXGroup;
			children = (
				248E7EC92AAEF2D500DA4477 /* Olympic_AthletesTests.swift */,
			);
			path = "Olympic AthletesTests";
			sourceTree = "<group>";
		};
		248E7ED22AAEF2D500DA4477 /* Olympic AthletesUITests */ = {
			isa = PBXGroup;
			children = (
				248E7ED32AAEF2D500DA4477 /* Olympic_AthletesUITests.swift */,
				248E7ED52AAEF2D500DA4477 /* Olympic_AthletesUITestsLaunchTests.swift */,
			);
			path = "Olympic AthletesUITests";
			sourceTree = "<group>";
		};
/* End PBXGroup section */

/* Begin PBXNativeTarget section */
		248E7EAE2AAEF2D300DA4477 /* Olympic Athletes */ = {
			isa = PBXNativeTarget;
			buildConfigurationList = 248E7ED92AAEF2D500DA4477 /* Build configuration list for PBXNativeTarget "Olympic Athletes" */;
			buildPhases = (
				248E7EAB2AAEF2D300DA4477 /* Sources */,
				248E7EAC2AAEF2D300DA4477 /* Frameworks */,
				248E7EAD2AAEF2D300DA4477 /* Resources */,
			);
			buildRules = (
			);
			dependencies = (
			);
			name = "Olympic Athletes";
			productName = "Olympic Athletes";
			productReference = 248E7EAF2AAEF2D300DA4477 /* Olympic Athletes.app */;
			productType = "com.apple.product-type.application";
		};
		248E7EC42AAEF2D500DA4477 /* Olympic AthletesTests */ = {
			isa = PBXNativeTarget;
			buildConfigurationList = 248E7EDC2AAEF2D500DA4477 /* Build configuration list for PBXNativeTarget "Olympic AthletesTests" */;
			buildPhases = (
				248E7EC12AAEF2D500DA4477 /* Sources */,
				248E7EC22AAEF2D500DA4477 /* Frameworks */,
				248E7EC32AAEF2D500DA4477 /* Resources */,
			);
			buildRules = (
			);
			dependencies = (
				248E7EC72AAEF2D500DA4477 /* PBXTargetDependency */,
			);
			name = "Olympic AthletesTests";
			productName = "Olympic AthletesTests";
			productReference = 248E7EC52AAEF2D500DA4477 /* Olympic AthletesTests.xctest */;
			productType = "com.apple.product-type.bundle.unit-test";
		};
		248E7ECE2AAEF2D500DA4477 /* Olympic AthletesUITests */ = {
			isa = PBXNativeTarget;
			buildConfigurationList = 248E7EDF2AAEF2D500DA4477 /* Build configuration list for PBXNativeTarget "Olympic AthletesUITests" */;
			buildPhases = (
				248E7ECB2AAEF2D500DA4477 /* Sources */,
				248E7ECC2AAEF2D500DA4477 /* Frameworks */,
				248E7ECD2AAEF2D500DA4477 /* Resources */,
			);
			buildRules = (
			);
			dependencies = (
				248E7ED12AAEF2D500DA4477 /* PBXTargetDependency */,
			);
			name = "Olympic AthletesUITests";
			productName = "Olympic AthletesUITests";
			productReference = 248E7ECF2AAEF2D500DA4477 /* Olympic AthletesUITests.xctest */;
			productType = "com.apple.product-type.bundle.ui-testing";
		};
/* End PBXNativeTarget section */

/* Begin PBXProject section */
		248E7EA72AAEF2D300DA4477 /* Project object */ = {
			isa = PBXProject;
			attributes = {
				BuildIndependentTargetsInParallel = 1;
				LastSwiftUpdateCheck = 1430;
				LastUpgradeCheck = 1430;
				TargetAttributes = {
					248E7EAE2AAEF2D300DA4477 = {
						CreatedOnToolsVersion = 14.3;
					};
					248E7EC42AAEF2D500DA4477 = {
						CreatedOnToolsVersion = 14.3;
						TestTargetID = 248E7EAE2AAEF2D300DA4477;
					};
					248E7ECE2AAEF2D500DA4477 = {
						CreatedOnToolsVersion = 14.3;
						TestTargetID = 248E7EAE2AAEF2D300DA4477;
					};
				};
			};
			buildConfigurationList = 248E7EAA2AAEF2D300DA4477 /* Build configuration list for PBXProject "Olympic Athletes" */;
			compatibilityVersion = "Xcode 14.0";
			developmentRegion = en;
			hasScannedForEncodings = 0;
			knownRegions = (
				en,
				Base,
			);
			mainGroup = 248E7EA62AAEF2D300DA4477;
			productRefGroup = 248E7EB02AAEF2D300DA4477 /* Products */;
			projectDirPath = "";
			projectRoot = "";
			targets = (
				248E7EAE2AAEF2D300DA4477 /* Olympic Athletes */,
				248E7EC42AAEF2D500DA4477 /* Olympic AthletesTests */,
				248E7ECE2AAEF2D500DA4477 /* Olympic AthletesUITests */,
			);
		};
/* End PBXProject section */

/* Begin PBXResourcesBuildPhase section */
		248E7EAD2AAEF2D300DA4477 /* Resources */ = {
			isa = PBXResourcesBuildPhase;
			buildActionMask = 2147483647;
			files = (
				248E7EBF2AAEF2D500DA4477 /* LaunchScreen.storyboard in Resources */,
				248E7EBC2AAEF2D500DA4477 /* Assets.xcassets in Resources */,
				248E7EBA2AAEF2D300DA4477 /* Main.storyboard in Resources */,
			);
			runOnlyForDeploymentPostprocessing = 0;
		};
		248E7EC32AAEF2D500DA4477 /* Resources */ = {
			isa = PBXResourcesBuildPhase;
			buildActionMask = 2147483647;
			files = (
			);
			runOnlyForDeploymentPostprocessing = 0;
		};
		248E7ECD2AAEF2D500DA4477 /* Resources */ = {
			isa = PBXResourcesBuildPhase;
			buildActionMask = 2147483647;
			files = (
			);
			runOnlyForDeploymentPostprocessing = 0;
		};
/* End PBXResourcesBuildPhase section */

/* Begin PBXSourcesBuildPhase section */
		248E7EAB2AAEF2D300DA4477 /* Sources */ = {
			isa = PBXSourcesBuildPhase;
			buildActionMask = 2147483647;
			files = (
				248E7EB72AAEF2D300DA4477 /* ViewController.swift in Sources */,
				248E7EB32AAEF2D300DA4477 /* AppDelegate.swift in Sources */,
				248E7EB52AAEF2D300DA4477 /* SceneDelegate.swift in Sources */,
			);
			runOnlyForDeploymentPostprocessing = 0;
		};
		248E7EC12AAEF2D500DA4477 /* Sources */ = {
			isa = PBXSourcesBuildPhase;
			buildActionMask = 2147483647;
			files = (
				248E7ECA2AAEF2D500DA4477 /* Olympic_AthletesTests.swift in Sources */,
			);
			runOnlyForDeploymentPostprocessing = 0;
		};
		248E7ECB2AAEF2D500DA4477 /* Sources */ = {
			isa = PBXSourcesBuildPhase;
			buildActionMask = 2147483647;
			files = (
				248E7ED62AAEF2D500DA4477 /* Olympic_AthletesUITestsLaunchTests.swift in Sources */,
				248E7ED42AAEF2D500DA4477 /* Olympic_AthletesUITests.swift in Sources */,
			);
			runOnlyForDeploymentPostprocessing = 0;
		};
/* End PBXSourcesBuildPhase section */

/* Begin PBXTargetDependency section */
		248E7EC72AAEF2D500DA4477 /* PBXTargetDependency */ = {
			isa = PBXTargetDependency;
			target = 248E7EAE2AAEF2D300DA4477 /* Olympic Athletes */;
			targetProxy = 248E7EC62AAEF2D500DA4477 /* PBXContainerItemProxy */;
		};
		248E7ED12AAEF2D500DA4477 /* PBXTargetDependency */ = {
			isa = PBXTargetDependency;
			target = 248E7EAE2AAEF2D300DA4477 /* Olympic Athletes */;
			targetProxy = 248E7ED02AAEF2D500DA4477 /* PBXContainerItemProxy */;
		};
/* End PBXTargetDependency section */

/* Begin PBXVariantGroup section */
		248E7EB82AAEF2D300DA4477 /* Main.storyboard */ = {
			isa = PBXVariantGroup;
			children = (
				248E7EB92AAEF2D300DA4477 /* Base */,
			);
			name = Main.storyboard;
			sourceTree = "<group>";
		};
		248E7EBD2AAEF2D500DA4477 /* LaunchScreen.storyboard */ = {
			isa = PBXVariantGroup;
			children = (
				248E7EBE2AAEF2D500DA4477 /* Base */,
			);
			name = LaunchScreen.storyboard;
			sourceTree = "<group>";
		};
/* End PBXVariantGroup section */

/* Begin XCBuildConfiguration section */
		248E7ED72AAEF2D500DA4477 /* Debug */ = {
			isa = XCBuildConfiguration;
			buildSettings = {
				ALWAYS_SEARCH_USER_PATHS = NO;
				CLANG_ANALYZER_NONNULL = YES;
				CLANG_ANALYZER_NUMBER_OBJECT_CONVERSION = YES_AGGRESSIVE;
				CLANG_CXX_LANGUAGE_STANDARD = "gnu++20";
				CLANG_ENABLE_MODULES = YES;
				CLANG_ENABLE_OBJC_ARC = YES;
				CLANG_ENABLE_OBJC_WEAK = YES;
				CLANG_WARN_BLOCK_CAPTURE_AUTORELEASING = YES;
				CLANG_WARN_BOOL_CONVERSION = YES;
				CLANG_WARN_COMMA = YES;
				CLANG_WARN_CONSTANT_CONVERSION = YES;
				CLANG_WARN_DEPRECATED_OBJC_IMPLEMENTATIONS = YES;
				CLANG_WARN_DIRECT_OBJC_ISA_USAGE = YES_ERROR;
				CLANG_WARN_DOCUMENTATION_COMMENTS = YES;
				CLANG_WARN_EMPTY_BODY = YES;
				CLANG_WARN_ENUM_CONVERSION = YES;
				CLANG_WARN_INFINITE_RECURSION = YES;
				CLANG_WARN_INT_CONVERSION = YES;
				CLANG_WARN_NON_LITERAL_NULL_CONVERSION = YES;
				CLANG_WARN_OBJC_IMPLICIT_RETAIN_SELF = YES;
				CLANG_WARN_OBJC_LITERAL_CONVERSION = YES;
				CLANG_WARN_OBJC_ROOT_CLASS = YES_ERROR;
				CLANG_WARN_QUOTED_INCLUDE_IN_FRAMEWORK_HEADER = YES;
				CLANG_WARN_RANGE_LOOP_ANALYSIS = YES;
				CLANG_WARN_STRICT_PROTOTYPES = YES;
				CLANG_WARN_SUSPICIOUS_MOVE = YES;
				CLANG_WARN_UNGUARDED_AVAILABILITY = YES_AGGRESSIVE;
				CLANG_WARN_UNREACHABLE_CODE = YES;
				CLANG_WARN__DUPLICATE_METHOD_MATCH = YES;
				COPY_PHASE_STRIP = NO;
				DEBUG_INFORMATION_FORMAT = dwarf;
				ENABLE_STRICT_OBJC_MSGSEND = YES;
				ENABLE_TESTABILITY = YES;
				GCC_C_LANGUAGE_STANDARD = gnu11;
				GCC_DYNAMIC_NO_PIC = NO;
				GCC_NO_COMMON_BLOCKS = YES;
				GCC_OPTIMIZATION_LEVEL = 0;
				GCC_PREPROCESSOR_DEFINITIONS = (
					"DEBUG=1",
					"$(inherited)",
				);
				GCC_WARN_64_TO_32_BIT_CONVERSION = YES;
				GCC_WARN_ABOUT_RETURN_TYPE = YES_ERROR;
				GCC_WARN_UNDECLARED_SELECTOR = YES;
				GCC_WARN_UNINITIALIZED_AUTOS = YES_AGGRESSIVE;
				GCC_WARN_UNUSED_FUNCTION = YES;
				GCC_WARN_UNUSED_VARIABLE = YES;
				IPHONEOS_DEPLOYMENT_TARGET = 16.4;
				MTL_ENABLE_DEBUG_INFO = INCLUDE_SOURCE;
				MTL_FAST_MATH = YES;
				ONLY_ACTIVE_ARCH = YES;
				SDKROOT = iphoneos;
				SWIFT_ACTIVE_COMPILATION_CONDITIONS = DEBUG;
				SWIFT_OPTIMIZATION_LEVEL = "-Onone";
			};
			name = Debug;
		};
		248E7ED82AAEF2D500DA4477 /* Release */ = {
			isa = XCBuildConfiguration;
			buildSettings = {
				ALWAYS_SEARCH_USER_PATHS = NO;
				CLANG_ANALYZER_NONNULL = YES;
				CLANG_ANALYZER_NUMBER_OBJECT_CONVERSION = YES_AGGRESSIVE;
				CLANG_CXX_LANGUAGE_STANDARD = "gnu++20";
				CLANG_ENABLE_MODULES = YES;
				CLANG_ENABLE_OBJC_ARC = YES;
				CLANG_ENABLE_OBJC_WEAK = YES;
				CLANG_WARN_BLOCK_CAPTURE_AUTORELEASING = YES;
				CLANG_WARN_BOOL_CONVERSION = YES;
				CLANG_WARN_COMMA = YES;
				CLANG_WARN_CONSTANT_CONVERSION = YES;
				CLANG_WARN_DEPRECATED_OBJC_IMPLEMENTATIONS = YES;
				CLANG_WARN_DIRECT_OBJC_ISA_USAGE = YES_ERROR;
				CLANG_WARN_DOCUMENTATION_COMMENTS = YES;
				CLANG_WARN_EMPTY_BODY = YES;
				CLANG_WARN_ENUM_CONVERSION = YES;
				CLANG_WARN_INFINITE_RECURSION = YES;
				CLANG_WARN_INT_CONVERSION = YES;
				CLANG_WARN_NON_LITERAL_NULL_CONVERSION = YES;
				CLANG_WARN_OBJC_IMPLICIT_RETAIN_SELF = YES;
				CLANG_WARN_OBJC_LITERAL_CONVERSION = YES;
				CLANG_WARN_OBJC_ROOT_CLASS = YES_ERROR;
				CLANG_WARN_QUOTED_INCLUDE_IN_FRAMEWORK_HEADER = YES;
				CLANG_WARN_RANGE_LOOP_ANALYSIS = YES;
				CLANG_WARN_STRICT_PROTOTYPES = YES;
				CLANG_WARN_SUSPICIOUS_MOVE = YES;
				CLANG_WARN_UNGUARDED_AVAILABILITY = YES_AGGRESSIVE;
				CLANG_WARN_UNREACHABLE_CODE = YES;
				CLANG_WARN__DUPLICATE_METHOD_MATCH = YES;
				COPY_PHASE_STRIP = NO;
				DEBUG_INFORMATION_FORMAT = "dwarf-with-dsym";
				ENABLE_NS_ASSERTIONS = NO;
				ENABLE_STRICT_OBJC_MSGSEND = YES;
				GCC_C_LANGUAGE_STANDARD = gnu11;
				GCC_NO_COMMON_BLOCKS = YES;
				GCC_WARN_64_TO_32_BIT_CONVERSION = YES;
				GCC_WARN_ABOUT_RETURN_TYPE = YES_ERROR;
				GCC_WARN_UNDECLARED_SELECTOR = YES;
				GCC_WARN_UNINITIALIZED_AUTOS = YES_AGGRESSIVE;
				GCC_WARN_UNUSED_FUNCTION = YES;
				GCC_WARN_UNUSED_VARIABLE = YES;
				IPHONEOS_DEPLOYMENT_TARGET = 16.4;
				MTL_ENABLE_DEBUG_INFO = NO;
				MTL_FAST_MATH = YES;
				SDKROOT = iphoneos;
				SWIFT_COMPILATION_MODE = wholemodule;
				SWIFT_OPTIMIZATION_LEVEL = "-O";
				VALIDATE_PRODUCT = YES;
			};
			name = Release;
		};
		248E7EDA2AAEF2D500DA4477 /* Debug */ = {
			isa = XCBuildConfiguration;
			buildSettings = {
				ASSETCATALOG_COMPILER_APPICON_NAME = AppIcon;
				ASSETCATALOG_COMPILER_GLOBAL_ACCENT_COLOR_NAME = AccentColor;
				CODE_SIGN_STYLE = Automatic;
				CURRENT_PROJECT_VERSION = 1;
				GENERATE_INFOPLIST_FILE = YES;
				INFOPLIST_FILE = "Olympic Athletes/Info.plist";
				INFOPLIST_KEY_UIApplicationSupportsIndirectInputEvents = YES;
				INFOPLIST_KEY_UILaunchStoryboardName = LaunchScreen;
				INFOPLIST_KEY_UIMainStoryboardFile = Main;
				INFOPLIST_KEY_UISupportedInterfaceOrientations_iPad = "UIInterfaceOrientationPortrait UIInterfaceOrientationPortraitUpsideDown UIInterfaceOrientationLandscapeLeft UIInterfaceOrientationLandscapeRight";
				INFOPLIST_KEY_UISupportedInterfaceOrientations_iPhone = "UIInterfaceOrientationPortrait UIInterfaceOrientationLandscapeLeft UIInterfaceOrientationLandscapeRight";
				LD_RUNPATH_SEARCH_PATHS = (
					"$(inherited)",
					"@executable_path/Frameworks",
				);
				MARKETING_VERSION = 1.0;
				PRODUCT_BUNDLE_IDENTIFIER = "com.olympic.athletes.Olympic-Athletes";
				PRODUCT_NAME = "$(TARGET_NAME)";
				SWIFT_EMIT_LOC_STRINGS = YES;
				SWIFT_VERSION = 5.0;
				TARGETED_DEVICE_FAMILY = "1,2";
			};
			name = Debug;
		};
		248E7EDB2AAEF2D500DA4477 /* Release */ = {
			isa = XCBuildConfiguration;
			buildSettings = {
				ASSETCATALOG_COMPILER_APPICON_NAME = AppIcon;
				ASSETCATALOG_COMPILER_GLOBAL_ACCENT_COLOR_NAME = AccentColor;
				CODE_SIGN_STYLE = Automatic;
				CURRENT_PROJECT_VERSION = 1;
				GENERATE_INFOPLIST_FILE = YES;
				INFOPLIST_FILE = "Olympic Athletes/Info.plist";
				INFOPLIST_KEY_UIApplicationSupportsIndirectInputEvents = YES;
				INFOPLIST_KEY_UILaunchStoryboardName = LaunchScreen;
				INFOPLIST_KEY_UIMainStoryboardFile = Main;
				INFOPLIST_KEY_UISupportedInterfaceOrientations_iPad = "UIInterfaceOrientationPortrait UIInterfaceOrientationPortraitUpsideDown UIInterfaceOrientationLandscapeLeft UIInterfaceOrientationLandscapeRight";
				INFOPLIST_KEY_UISupportedInterfaceOrientations_iPhone = "UIInterfaceOrientationPortrait UIInterfaceOrientationLandscapeLeft UIInterfaceOrientationLandscapeRight";
				LD_RUNPATH_SEARCH_PATHS = (
					"$(inherited)",
					"@executable_path/Frameworks",
				);
				MARKETING_VERSION = 1.0;
				PRODUCT_BUNDLE_IDENTIFIER = "com.olympic.athletes.Olympic-Athletes";
				PRODUCT_NAME = "$(TARGET_NAME)";
				SWIFT_EMIT_LOC_STRINGS = YES;
				SWIFT_VERSION = 5.0;
				TARGETED_DEVICE_FAMILY = "1,2";
			};
			name = Release;
		};
		248E7EDD2AAEF2D500DA4477 /* Debug */ = {
			isa = XCBuildConfiguration;
			buildSettings = {
				ALWAYS_EMBED_SWIFT_STANDARD_LIBRARIES = YES;
				BUNDLE_LOADER = "$(TEST_HOST)";
				CODE_SIGN_STYLE = Automatic;
				CURRENT_PROJECT_VERSION = 1;
				GENERATE_INFOPLIST_FILE = YES;
				IPHONEOS_DEPLOYMENT_TARGET = 16.4;
				MARKETING_VERSION = 1.0;
				PRODUCT_BUNDLE_IDENTIFIER = "com.olympic.athletes.Olympic-AthletesTests";
				PRODUCT_NAME = "$(TARGET_NAME)";
				SWIFT_EMIT_LOC_STRINGS = NO;
				SWIFT_VERSION = 5.0;
				TARGETED_DEVICE_FAMILY = "1,2";
				TEST_HOST = "$(BUILT_PRODUCTS_DIR)/Olympic Athletes.app/$(BUNDLE_EXECUTABLE_FOLDER_PATH)/Olympic Athletes";
			};
			name = Debug;
		};
		248E7EDE2AAEF2D500DA4477 /* Release */ = {
			isa = XCBuildConfiguration;
			buildSettings = {
				ALWAYS_EMBED_SWIFT_STANDARD_LIBRARIES = YES;
				BUNDLE_LOADER = "$(TEST_HOST)";
				CODE_SIGN_STYLE = Automatic;
				CURRENT_PROJECT_VERSION = 1;
				GENERATE_INFOPLIST_FILE = YES;
				IPHONEOS_DEPLOYMENT_TARGET = 16.4;
				MARKETING_VERSION = 1.0;
				PRODUCT_BUNDLE_IDENTIFIER = "com.olympic.athletes.Olympic-AthletesTests";
				PRODUCT_NAME = "$(TARGET_NAME)";
				SWIFT_EMIT_LOC_STRINGS = NO;
				SWIFT_VERSION = 5.0;
				TARGETED_DEVICE_FAMILY = "1,2";
				TEST_HOST = "$(BUILT_PRODUCTS_DIR)/Olympic Athletes.app/$(BUNDLE_EXECUTABLE_FOLDER_PATH)/Olympic Athletes";
			};
			name = Release;
		};
		248E7EE02AAEF2D500DA4477 /* Debug */ = {
			isa = XCBuildConfiguration;
			buildSettings = {
				ALWAYS_EMBED_SWIFT_STANDARD_LIBRARIES = YES;
				CODE_SIGN_STYLE = Automatic;
				CURRENT_PROJECT_VERSION = 1;
				GENERATE_INFOPLIST_FILE = YES;
				MARKETING_VERSION = 1.0;
				PRODUCT_BUNDLE_IDENTIFIER = "com.olympic.athletes.Olympic-AthletesUITests";
				PRODUCT_NAME = "$(TARGET_NAME)";
				SWIFT_EMIT_LOC_STRINGS = NO;
				SWIFT_VERSION = 5.0;
				TARGETED_DEVICE_FAMILY = "1,2";
				TEST_TARGET_NAME = "Olympic Athletes";
			};
			name = Debug;
		};
		248E7EE12AAEF2D500DA4477 /* Release */ = {
			isa = XCBuildConfiguration;
			buildSettings = {
				ALWAYS_EMBED_SWIFT_STANDARD_LIBRARIES = YES;
				CODE_SIGN_STYLE = Automatic;
				CURRENT_PROJECT_VERSION = 1;
				GENERATE_INFOPLIST_FILE = YES;
				MARKETING_VERSION = 1.0;
				PRODUCT_BUNDLE_IDENTIFIER = "com.olympic.athletes.Olympic-AthletesUITests";
				PRODUCT_NAME = "$(TARGET_NAME)";
				SWIFT_EMIT_LOC_STRINGS = NO;
				SWIFT_VERSION = 5.0;
				TARGETED_DEVICE_FAMILY = "1,2";
				TEST_TARGET_NAME = "Olympic Athletes";
			};
			name = Release;
		};
/* End XCBuildConfiguration section */

/* Begin XCConfigurationList section */
		248E7EAA2AAEF2D300DA4477 /* Build configuration list for PBXProject "Olympic Athletes" */ = {
			isa = XCConfigurationList;
			buildConfigurations = (
				248E7ED72AAEF2D500DA4477 /* Debug */,
				248E7ED82AAEF2D500DA4477 /* Release */,
			);
			defaultConfigurationIsVisible = 0;
			defaultConfigurationName = Release;
		};
		248E7ED92AAEF2D500DA4477 /* Build configuration list for PBXNativeTarget "Olympic Athletes" */ = {
			isa = XCConfigurationList;
			buildConfigurations = (
				248E7EDA2AAEF2D500DA4477 /* Debug */,
				248E7EDB2AAEF2D500DA4477 /* Release */,
			);
			defaultConfigurationIsVisible = 0;
			defaultConfigurationName = Release;
		};
		248E7EDC2AAEF2D500DA4477 /* Build configuration list for PBXNativeTarget "Olympic AthletesTests" */ = {
			isa = XCConfigurationList;
			buildConfigurations = (
				248E7EDD2AAEF2D500DA4477 /* Debug */,
				248E7EDE2AAEF2D500DA4477 /* Release */,
			);
			defaultConfigurationIsVisible = 0;
			defaultConfigurationName = Release;
		};
		248E7EDF2AAEF2D500DA4477 /* Build configuration list for PBXNativeTarget "Olympic AthletesUITests" */ = {
			isa = XCConfigurationList;
			buildConfigurations = (
				248E7EE02AAEF2D500DA4477 /* Debug */,
				248E7EE12AAEF2D500DA4477 /* Release */,
			);
			defaultConfigurationIsVisible = 0;
			defaultConfigurationName = Release;
		};
/* End XCConfigurationList section */
	};
	rootObject = 248E7EA72AAEF2D300DA4477 /* Project object */;
}
